
Microsoft Visual Studio Solution File, Format Version 12.00
# Visual Studio Version 17
VisualStudioVersion = 17.12.35707.178
MinimumVisualStudioVersion = 10.0.40219.1
Project("{FAE04EC0-301F-11D3-BF4B-00C04F79EFBC}") = "Ucondo.Evaluation.API", "Ucondo.Evaluation\Ucondo.Evaluation.API.csproj", "{1B2AAAA9-EEEB-4C30-960B-41EA334C6D6C}"
EndProject
Project("{FAE04EC0-301F-11D3-BF4B-00C04F79EFBC}") = "Ucondo.Evaluation.Domain", "Ucondo.Evaluation.Domain\Ucondo.Evaluation.Domain.csproj", "{3B859843-AFD8-4B75-88ED-AC0F8CD1FBDE}"
EndProject
Project("{FAE04EC0-301F-11D3-BF4B-00C04F79EFBC}") = "Ucondo.Evaluation.Common", "Ucondo.Evaluation.Common\Ucondo.Evaluation.Common.csproj", "{5090A69A-B094-4E8F-BB87-09A4B5F11030}"
EndProject
Project("{FAE04EC0-301F-11D3-BF4B-00C04F79EFBC}") = "Ucondo.Evaluation.ORM", "Ucondo.Evaluation.ORM\Ucondo.Evaluation.ORM.csproj", "{ED868141-FED6-47AE-9D74-AEBC7703D2AA}"
EndProject
Project("{FAE04EC0-301F-11D3-BF4B-00C04F79EFBC}") = "Ucondo.Evaluation.Application", "Ucondo.Evaluation.Application\Ucondo.Evaluation.Application.csproj", "{76FEA284-6D88-4B7A-8839-55B275049092}"
EndProject
Project("{FAE04EC0-301F-11D3-BF4B-00C04F79EFBC}") = "Ucondo.Evaluation.IoC", "Ucondo.Evaluation.IoC\Ucondo.Evaluation.IoC.csproj", "{63E1B7E2-CE00-40BD-9E5C-331D3C32296C}"
EndProject
Project("{FAE04EC0-301F-11D3-BF4B-00C04F79EFBC}") = "Ucondo.Evaluation.Tests", "Ucondo.Evaluation.Tests\Ucondo.Evaluation.Tests.csproj", "{C5297163-F366-4862-A09F-49E6E20A7D51}"
EndProject
Global
	GlobalSection(SolutionConfigurationPlatforms) = preSolution
		Debug|Any CPU = Debug|Any CPU
		Release|Any CPU = Release|Any CPU
	EndGlobalSection
	GlobalSection(ProjectConfigurationPlatforms) = postSolution
		{1B2AAAA9-EEEB-4C30-960B-41EA334C6D6C}.Debug|Any CPU.ActiveCfg = Debug|Any CPU
		{1B2AAAA9-EEEB-4C30-960B-41EA334C6D6C}.Debug|Any CPU.Build.0 = Debug|Any CPU
		{1B2AAAA9-EEEB-4C30-960B-41EA334C6D6C}.Release|Any CPU.ActiveCfg = Release|Any CPU
		{1B2AAAA9-EEEB-4C30-960B-41EA334C6D6C}.Release|Any CPU.Build.0 = Release|Any CPU
		{3B859843-AFD8-4B75-88ED-AC0F8CD1FBDE}.Debug|Any CPU.ActiveCfg = Debug|Any CPU
		{3B859843-AFD8-4B75-88ED-AC0F8CD1FBDE}.Debug|Any CPU.Build.0 = Debug|Any CPU
		{3B859843-AFD8-4B75-88ED-AC0F8CD1FBDE}.Release|Any CPU.ActiveCfg = Release|Any CPU
		{3B859843-AFD8-4B75-88ED-AC0F8CD1FBDE}.Release|Any CPU.Build.0 = Release|Any CPU
		{5090A69A-B094-4E8F-BB87-09A4B5F11030}.Debug|Any CPU.ActiveCfg = Debug|Any CPU
		{5090A69A-B094-4E8F-BB87-09A4B5F11030}.Debug|Any CPU.Build.0 = Debug|Any CPU
		{5090A69A-B094-4E8F-BB87-09A4B5F11030}.Release|Any CPU.ActiveCfg = Release|Any CPU
		{5090A69A-B094-4E8F-BB87-09A4B5F11030}.Release|Any CPU.Build.0 = Release|Any CPU
		{ED868141-FED6-47AE-9D74-AEBC7703D2AA}.Debug|Any CPU.ActiveCfg = Debug|Any CPU
		{ED868141-FED6-47AE-9D74-AEBC7703D2AA}.Debug|Any CPU.Build.0 = Debug|Any CPU
		{ED868141-FED6-47AE-9D74-AEBC7703D2AA}.Release|Any CPU.ActiveCfg = Release|Any CPU
		{ED868141-FED6-47AE-9D74-AEBC7703D2AA}.Release|Any CPU.Build.0 = Release|Any CPU
		{76FEA284-6D88-4B7A-8839-55B275049092}.Debug|Any CPU.ActiveCfg = Debug|Any CPU
		{76FEA284-6D88-4B7A-8839-55B275049092}.Debug|Any CPU.Build.0 = Debug|Any CPU
		{76FEA284-6D88-4B7A-8839-55B275049092}.Release|Any CPU.ActiveCfg = Release|Any CPU
		{76FEA284-6D88-4B7A-8839-55B275049092}.Release|Any CPU.Build.0 = Release|Any CPU
		{63E1B7E2-CE00-40BD-9E5C-331D3C32296C}.Debug|Any CPU.ActiveCfg = Debug|Any CPU
		{63E1B7E2-CE00-40BD-9E5C-331D3C32296C}.Debug|Any CPU.Build.0 = Debug|Any CPU
		{63E1B7E2-CE00-40BD-9E5C-331D3C32296C}.Release|Any CPU.ActiveCfg = Release|Any CPU
		{63E1B7E2-CE00-40BD-9E5C-331D3C32296C}.Release|Any CPU.Build.0 = Release|Any CPU
		{C5297163-F366-4862-A09F-49E6E20A7D51}.Debug|Any CPU.ActiveCfg = Debug|Any CPU
		{C5297163-F366-4862-A09F-49E6E20A7D51}.Debug|Any CPU.Build.0 = Debug|Any CPU
		{C5297163-F366-4862-A09F-49E6E20A7D51}.Release|Any CPU.ActiveCfg = Release|Any CPU
		{C5297163-F366-4862-A09F-49E6E20A7D51}.Release|Any CPU.Build.0 = Release|Any CPU
	EndGlobalSection
	GlobalSection(SolutionProperties) = preSolution
		HideSolutionNode = FALSE
	EndGlobalSection
EndGlobal
