
Microsoft Visual Studio Solution File, Format Version 12.00
# Visual Studio Version 17
VisualStudioVersion = 17.12.35707.178 d17.12
MinimumVisualStudioVersion = 10.0.40219.1
Project("{FAE04EC0-301F-11D3-BF4B-00C04F79EFBC}") = "Ucondo.Evaluation.API", "Ucondo.Evaluation\Ucondo.Evaluation.API.csproj", "{1B2AAAA9-EEEB-4C30-960B-41EA334C6D6C}"
EndProject
Project("{FAE04EC0-301F-11D3-BF4B-00C04F79EFBC}") = "Ucondo.Evaluation.ORM", "ORM\Ucondo.Evaluation.ORM.csproj", "{0CEFA40C-95E3-4CC2-8DD8-35ACF09B7660}"
EndProject
Global
	GlobalSection(SolutionConfigurationPlatforms) = preSolution
		Debug|Any CPU = Debug|Any CPU
		Release|Any CPU = Release|Any CPU
	EndGlobalSection
	GlobalSection(ProjectConfigurationPlatforms) = postSolution
		{1B2AAAA9-EEEB-4C30-960B-41EA334C6D6C}.Debug|Any CPU.ActiveCfg = Debug|Any CPU
		{1B2AAAA9-EEEB-4C30-960B-41EA334C6D6C}.Debug|Any CPU.Build.0 = Debug|Any CPU
		{1B2AAAA9-EEEB-4C30-960B-41EA334C6D6C}.Release|Any CPU.ActiveCfg = Release|Any CPU
		{1B2AAAA9-EEEB-4C30-960B-41EA334C6D6C}.Release|Any CPU.Build.0 = Release|Any CPU
		{0CEFA40C-95E3-4CC2-8DD8-35ACF09B7660}.Debug|Any CPU.ActiveCfg = Debug|Any CPU
		{0CEFA40C-95E3-4CC2-8DD8-35ACF09B7660}.Debug|Any CPU.Build.0 = Debug|Any CPU
		{0CEFA40C-95E3-4CC2-8DD8-35ACF09B7660}.Release|Any CPU.ActiveCfg = Release|Any CPU
		{0CEFA40C-95E3-4CC2-8DD8-35ACF09B7660}.Release|Any CPU.Build.0 = Release|Any CPU
	EndGlobalSection
	GlobalSection(SolutionProperties) = preSolution
		HideSolutionNode = FALSE
	EndGlobalSection
EndGlobal
